
Microsoft Visual Studio Solution File, Format Version 12.00
# Visual Studio Version 17
VisualStudioVersion = 17.14.36804.6 d17.14
MinimumVisualStudioVersion = 10.0.40219.1
Project("{FAE04EC0-301F-11D3-BF4B-00C04F79EFBC}") = "Weighted_Social_Networks_Coursework_Alfie", "Weighted_Social_Networks_Coursework_Alfie.csproj", "{C82A4E12-E539-4319-A0D5-7D53F0125924}"
EndProject
Global
	GlobalSection(SolutionConfigurationPlatforms) = preSolution
		Debug|Any CPU = Debug|Any CPU
		Release|Any CPU = Release|Any CPU
	EndGlobalSection
	GlobalSection(ProjectConfigurationPlatforms) = postSolution
		{C82A4E12-E539-4319-A0D5-7D53F0125924}.Debug|Any CPU.ActiveCfg = Debug|Any CPU
		{C82A4E12-E539-4319-A0D5-7D53F0125924}.Debug|Any CPU.Build.0 = Debug|Any CPU
		{C82A4E12-E539-4319-A0D5-7D53F0125924}.Release|Any CPU.ActiveCfg = Release|Any CPU
		{C82A4E12-E539-4319-A0D5-7D53F0125924}.Release|Any CPU.Build.0 = Release|Any CPU
	EndGlobalSection
	GlobalSection(SolutionProperties) = preSolution
		HideSolutionNode = FALSE
	EndGlobalSection
	GlobalSection(ExtensibilityGlobals) = postSolution
		SolutionGuid = {68759D1E-73CA-4FF7-8D79-39088E4B0CA6}
	EndGlobalSection
EndGlobal
